{
  "name": "super-parakeet",
  "version": "1.0.0",
  "lockfileVersion": 1,
  "requires": true,
  "dependencies": {
    "agentkeepalive": {
      "version": "0.2.2",
      "resolved": "https://registry.npmjs.org/agentkeepalive/-/agentkeepalive-0.2.2.tgz",
      "integrity": "sha1-WcRBpNtK5ur9A/CqOKQoGC/9YVs="
    },
    "aws-sdk": {
      "version": "2.0.1",
      "resolved": "https://registry.npmjs.org/aws-sdk/-/aws-sdk-2.0.1.tgz",
      "integrity": "sha1-LHANMhhgffUAE61CsREhzYYsrYA=",
      "requires": {
        "agentkeepalive": "0.2.2",
        "aws-sdk-apis": "3.x",
        "xml2js": "0.2.6",
        "xmlbuilder": "0.4.2"
      }
    },
    "aws-sdk-apis": {
      "version": "3.1.10",
      "resolved": "https://registry.npmjs.org/aws-sdk-apis/-/aws-sdk-apis-3.1.10.tgz",
      "integrity": "sha1-Tu2X9ZChbPCA/RuNjP3yRy3oqw4="
    },
    "sax": {
      "version": "0.4.2",
      "resolved": "https://registry.npmjs.org/sax/-/sax-0.4.2.tgz",
      "integrity": "sha1-OfO2AXM9a+yXEFskKipA/Wl4rDw="
    },
    "xml2js": {
      "version": "0.2.6",
      "resolved": "https://registry.npmjs.org/xml2js/-/xml2js-0.2.6.tgz",
      "integrity": "sha1-0gnE5N2h/JxFIUHvQcB39a399sQ=",
      "requires": {
        "sax": "0.4.2"
      }
    },
    "xmlbuilder": {
      "version": "0.4.2",
      "resolved": "https://registry.npmjs.org/xmlbuilder/-/xmlbuilder-0.4.2.tgz",
      "integrity": "sha1-F3bWXz/brUcKCNhgTN6xxOVA/4M="
    }
  }
}
